
Microsoft Visual Studio Solution File, Format Version 12.00
# Visual Studio Version 17
VisualStudioVersion = 17.7.34221.43
MinimumVisualStudioVersion = 10.0.40219.1
Project("{FAE04EC0-301F-11D3-BF4B-00C04F79EFBC}") = "if_test", "if_test\if_test.csproj", "{36E43C92-303F-4921-83C1-D88F04C44C8E}"
EndProject
Global
	GlobalSection(SolutionConfigurationPlatforms) = preSolution
		Debug|Any CPU = Debug|Any CPU
		Release|Any CPU = Release|Any CPU
	EndGlobalSection
	GlobalSection(ProjectConfigurationPlatforms) = postSolution
		{36E43C92-303F-4921-83C1-D88F04C44C8E}.Debug|Any CPU.ActiveCfg = Debug|Any CPU
		{36E43C92-303F-4921-83C1-D88F04C44C8E}.Debug|Any CPU.Build.0 = Debug|Any CPU
		{36E43C92-303F-4921-83C1-D88F04C44C8E}.Release|Any CPU.ActiveCfg = Release|Any CPU
		{36E43C92-303F-4921-83C1-D88F04C44C8E}.Release|Any CPU.Build.0 = Release|Any CPU
	EndGlobalSection
	GlobalSection(SolutionProperties) = preSolution
		HideSolutionNode = FALSE
	EndGlobalSection
	GlobalSection(ExtensibilityGlobals) = postSolution
		SolutionGuid = {67F72AF3-3FB1-45E2-B06C-3C31877F4F1A}
	EndGlobalSection
EndGlobal
